
Microsoft Visual Studio Solution File, Format Version 12.00
# Visual Studio 15
VisualStudioVersion = 15.0.28307.421
MinimumVisualStudioVersion = 10.0.40219.1
Project("{FAE04EC0-301F-11D3-BF4B-00C04F79EFBC}") = "HumaneSocietyPets", "HumaneSocietyPets\HumaneSocietyPets.csproj", "{2AAD968B-5822-4917-BCB0-2D7C1C404AC4}"
EndProject
Global
	GlobalSection(SolutionConfigurationPlatforms) = preSolution
		Debug|Any CPU = Debug|Any CPU
		Release|Any CPU = Release|Any CPU
	EndGlobalSection
	GlobalSection(ProjectConfigurationPlatforms) = postSolution
		{2AAD968B-5822-4917-BCB0-2D7C1C404AC4}.Debug|Any CPU.ActiveCfg = Debug|Any CPU
		{2AAD968B-5822-4917-BCB0-2D7C1C404AC4}.Debug|Any CPU.Build.0 = Debug|Any CPU
		{2AAD968B-5822-4917-BCB0-2D7C1C404AC4}.Release|Any CPU.ActiveCfg = Release|Any CPU
		{2AAD968B-5822-4917-BCB0-2D7C1C404AC4}.Release|Any CPU.Build.0 = Release|Any CPU
	EndGlobalSection
	GlobalSection(SolutionProperties) = preSolution
		HideSolutionNode = FALSE
	EndGlobalSection
	GlobalSection(ExtensibilityGlobals) = postSolution
		SolutionGuid = {44415FE0-F592-499E-842A-D02AB1E6EFD7}
	EndGlobalSection
EndGlobal
